
Microsoft Visual Studio Solution File, Format Version 12.00
# Visual Studio Version 17
VisualStudioVersion = 17.11.35219.272
MinimumVisualStudioVersion = 10.0.40219.1
Project("{888888A0-9F3D-457C-B088-3A5042F75D52}") = "PY-Exercise", "PY-Exercise.pyproj", "{8FB946B2-EEEB-4098-A8CE-E1E534E19D82}"
EndProject
Global
	GlobalSection(SolutionConfigurationPlatforms) = preSolution
		Debug|Any CPU = Debug|Any CPU
		Release|Any CPU = Release|Any CPU
	EndGlobalSection
	GlobalSection(ProjectConfigurationPlatforms) = postSolution
		{8FB946B2-EEEB-4098-A8CE-E1E534E19D82}.Debug|Any CPU.ActiveCfg = Debug|Any CPU
		{8FB946B2-EEEB-4098-A8CE-E1E534E19D82}.Release|Any CPU.ActiveCfg = Release|Any CPU
	EndGlobalSection
	GlobalSection(SolutionProperties) = preSolution
		HideSolutionNode = FALSE
	EndGlobalSection
	GlobalSection(ExtensibilityGlobals) = postSolution
		SolutionGuid = {05288BFE-7E0F-46CA-8E9B-BB1D3EA9DE1F}
	EndGlobalSection
EndGlobal
